Microsoft Visual Studio Solution File, Format Version 12.00
# Visual Studio Version 17
VisualStudioVersion = 17.2.32526.322
MinimumVisualStudioVersion = 10.0.40219.1
Project("{2150E333-8FDC-42A3-9474-1A3956D46DE8}") = "DataAccess", "DataAccess", "{A423D4E6-1E46-4463-B02E-16699630EABD}"
EndProject
Project("{2150E333-8FDC-42A3-9474-1A3956D46DE8}") = "Setups", "Setups", "{EADD7A56-5004-4A87-9299-AB7FB1307873}"
EndProject
Project("{2150E333-8FDC-42A3-9474-1A3956D46DE8}") = "Commons", "Commons", "{0E759CB3-3E8C-4009-9821-C3ECA2F9A07F}"
EndProject
Project("{9A19103F-16F7-4668-BE54-9A1E7A4F7556}") = "Domain.DataModel.Base", "..\..\Common\Core\Base\Domain.DataModel.Base\Domain.DataModel.Base.csproj", "{7BCAC03E-3B65-4CF4-9EBB-4EF353276D1C}"
EndProject
Project("{9A19103F-16F7-4668-BE54-9A1E7A4F7556}") = "Domain.DataModel.Loyalty", "..\..\Common\Core\Loyalty\Domain.DataModel.Loyalty\Domain.DataModel.Loyalty.csproj", "{36A6FDFB-59D3-4618-92DD-0DEB8B6AB501}"
EndProject
Project("{FAE04EC0-301F-11D3-BF4B-00C04F79EFBC}") = "Service", "Service\Service.csproj", "{A513B599-9215-4A58-8BB0-09746439A487}"
	ProjectSection(ProjectDependencies) = postProject
		{CE9DC60A-A725-4DC0-9E55-3B77AB0E1AF0} = {CE9DC60A-A725-4DC0-9E55-3B77AB0E1AF0}
		{46FA0A17-0AC4-49CB-9228-748806173861} = {46FA0A17-0AC4-49CB-9228-748806173861}
		{769B2D21-1164-46F9-A5DC-B812BE3CF58D} = {769B2D21-1164-46F9-A5DC-B812BE3CF58D}
		{E934803A-F972-434C-83EB-210F42CAB34B} = {E934803A-F972-434C-83EB-210F42CAB34B}
		{DB288660-EB57-4DB8-B9F7-F4DB00A3F293} = {DB288660-EB57-4DB8-B9F7-F4DB00A3F293}
		{A13A4882-B710-402C-A197-E752F02AD1EE} = {A13A4882-B710-402C-A197-E752F02AD1EE}
		{8436968A-E89D-4470-9C90-BD4B448FD4C9} = {8436968A-E89D-4470-9C90-BD4B448FD4C9}
		{E6B08A8C-10F0-4E48-999E-47F7236DDE5A} = {E6B08A8C-10F0-4E48-999E-47F7236DDE5A}
		{123B9C96-8B4B-489B-83B7-FFCC5B91EF0A} = {123B9C96-8B4B-489B-83B7-FFCC5B91EF0A}
	EndProjectSection
EndProject
Project("{FAE04EC0-301F-11D3-BF4B-00C04F79EFBC}") = "Common", "Common\Common.csproj", "{8AA4327B-1018-46B1-9C47-882494DD8435}"
EndProject
Project("{FAE04EC0-301F-11D3-BF4B-00C04F79EFBC}") = "BusinessLayer", "BusinessLayer\BusinessLayer.csproj", "{8F8B6425-CA65-4AFA-8D97-83B81E059770}"
	ProjectSection(ProjectDependencies) = postProject
		{769B2D21-1164-46F9-A5DC-B812BE3CF58D} = {769B2D21-1164-46F9-A5DC-B812BE3CF58D}
	EndProjectSection
EndProject
Project("{FAE04EC0-301F-11D3-BF4B-00C04F79EFBC}") = "SetupProject", "SetupProject\SetupProject.csproj", "{1E79A398-E62B-408D-A8F1-941B94012A3F}"
	ProjectSection(ProjectDependencies) = postProject
		{CE9DC60A-A725-4DC0-9E55-3B77AB0E1AF0} = {CE9DC60A-A725-4DC0-9E55-3B77AB0E1AF0}
		{46FA0A17-0AC4-49CB-9228-748806173861} = {46FA0A17-0AC4-49CB-9228-748806173861}
		{769B2D21-1164-46F9-A5DC-B812BE3CF58D} = {769B2D21-1164-46F9-A5DC-B812BE3CF58D}
		{8F8B6425-CA65-4AFA-8D97-83B81E059770} = {8F8B6425-CA65-4AFA-8D97-83B81E059770}
		{E934803A-F972-434C-83EB-210F42CAB34B} = {E934803A-F972-434C-83EB-210F42CAB34B}
		{7BCAC03E-3B65-4CF4-9EBB-4EF353276D1C} = {7BCAC03E-3B65-4CF4-9EBB-4EF353276D1C}
		{DB288660-EB57-4DB8-B9F7-F4DB00A3F293} = {DB288660-EB57-4DB8-B9F7-F4DB00A3F293}
		{8AA4327B-1018-46B1-9C47-882494DD8435} = {8AA4327B-1018-46B1-9C47-882494DD8435}
		{A13A4882-B710-402C-A197-E752F02AD1EE} = {A13A4882-B710-402C-A197-E752F02AD1EE}
		{8436968A-E89D-4470-9C90-BD4B448FD4C9} = {8436968A-E89D-4470-9C90-BD4B448FD4C9}
		{E6B08A8C-10F0-4E48-999E-47F7236DDE5A} = {E6B08A8C-10F0-4E48-999E-47F7236DDE5A}
		{123B9C96-8B4B-489B-83B7-FFCC5B91EF0A} = {123B9C96-8B4B-489B-83B7-FFCC5B91EF0A}
		{A513B599-9215-4A58-8BB0-09746439A487} = {A513B599-9215-4A58-8BB0-09746439A487}
		{4D540BA5-6854-4324-9D4B-75FA22C5A137} = {4D540BA5-6854-4324-9D4B-75FA22C5A137}
		{278EB2CF-42D7-4203-9E2C-916A069D60C1} = {278EB2CF-42D7-4203-9E2C-916A069D60C1}
		{36A6FDFB-59D3-4618-92DD-0DEB8B6AB501} = {36A6FDFB-59D3-4618-92DD-0DEB8B6AB501}
	EndProjectSection
EndProject
Project("{FAE04EC0-301F-11D3-BF4B-00C04F79EFBC}") = "BOConnection.NavSQL", "DataAccess\BOConnection.NavSQL\BOConnection.NavSQL.csproj", "{CE9DC60A-A725-4DC0-9E55-3B77AB0E1AF0}"
EndProject
Project("{FAE04EC0-301F-11D3-BF4B-00C04F79EFBC}") = "Data.SQLServer", "DataAccess\Data.SQLServer\Data.SQLServer.csproj", "{DB288660-EB57-4DB8-B9F7-F4DB00A3F293}"
EndProject
Project("{FAE04EC0-301F-11D3-BF4B-00C04F79EFBC}") = "Interfaces", "DataAccess\Interfaces\Interfaces.csproj", "{8436968A-E89D-4470-9C90-BD4B448FD4C9}"
EndProject
Project("{9A19103F-16F7-4668-BE54-9A1E7A4F7556}") = "DiscountEngine", "..\..\Common\Core\Base\DiscountEngine\DiscountEngine.csproj", "{4D540BA5-6854-4324-9D4B-75FA22C5A137}"
EndProject
Project("{9A19103F-16F7-4668-BE54-9A1E7A4F7556}") = "Domain.DataModel.Pos", "..\..\Common\Core\Pos\Domain.DataModel.Pos\Domain.DataModel.Pos.csproj", "{769B2D21-1164-46F9-A5DC-B812BE3CF58D}"
EndProject
Project("{FAE04EC0-301F-11D3-BF4B-00C04F79EFBC}") = "BOConnection.NavCommon", "DataAccess\BOConnection.NavCommon\BOConnection.NavCommon.csproj", "{E6B08A8C-10F0-4E48-999E-47F7236DDE5A}"
EndProject
Project("{FAE04EC0-301F-11D3-BF4B-00C04F79EFBC}") = "BOConnection.NavWS", "DataAccess\BOConnection.NavWS\BOConnection.NavWS.csproj", "{E934803A-F972-434C-83EB-210F42CAB34B}"
EndProject
Project("{9A19103F-16F7-4668-BE54-9A1E7A4F7556}") = "Domain.DataModel.Activity", "..\..\Common\Core\Activity\Domain.DataModel.Activity\Domain.DataModel.Activity.csproj", "{278EB2CF-42D7-4203-9E2C-916A069D60C1}"
EndProject
Project("{FAE04EC0-301F-11D3-BF4B-00C04F79EFBC}") = "BOConnection.CentrAL", "DataAccess\BOConnection.CentrAL\BOConnection.CentrAL.csproj", "{46FA0A17-0AC4-49CB-9228-748806173861}"
EndProject
Project("{FAE04EC0-301F-11D3-BF4B-00C04F79EFBC}") = "BOConnection.CentralPre", "DataAccess\BOConnection.CentralPre\BOConnection.CentralPre.csproj", "{A13A4882-B710-402C-A197-E752F02AD1EE}"
EndProject
Project("{FAE04EC0-301F-11D3-BF4B-00C04F79EFBC}") = "BOConnection.PreCommon", "DataAccess\BOConnection.PreCommon\BOConnection.PreCommon.csproj", "{123B9C96-8B4B-489B-83B7-FFCC5B91EF0A}"
EndProject
Project("{9A19103F-16F7-4668-BE54-9A1E7A4F7556}") = "Domain.DataModel.ScanPayGo", "..\..\Common\Core\ScanPayGo\Domain.DataModel.ScanPayGo\Domain.DataModel.ScanPayGo.csproj", "{6A6D7EFF-5FB2-4A4A-91E2-4BE6D4F08AC3}"
EndProject
Global
	GlobalSection(SolutionConfigurationPlatforms) = preSolution
		Debug|Any CPU = Debug|Any CPU
		Debug|ARM = Debug|ARM
		Debug|Mixed Platforms = Debug|Mixed Platforms
		Debug|x64 = Debug|x64
		Debug|x86 = Debug|x86
		Release|Any CPU = Release|Any CPU
		Release|ARM = Release|ARM
		Release|Mixed Platforms = Release|Mixed Platforms
		Release|x64 = Release|x64
		Release|x86 = Release|x86
	EndGlobalSection
	GlobalSection(ProjectConfigurationPlatforms) = postSolution
		{7BCAC03E-3B65-4CF4-9EBB-4EF353276D1C}.Debug|Any CPU.ActiveCfg = Debug|Any CPU
		{7BCAC03E-3B65-4CF4-9EBB-4EF353276D1C}.Debug|Any CPU.Build.0 = Debug|Any CPU
		{7BCAC03E-3B65-4CF4-9EBB-4EF353276D1C}.Debug|ARM.ActiveCfg = Debug|Any CPU
		{7BCAC03E-3B65-4CF4-9EBB-4EF353276D1C}.Debug|ARM.Build.0 = Debug|Any CPU
		{7BCAC03E-3B65-4CF4-9EBB-4EF353276D1C}.Debug|Mixed Platforms.ActiveCfg = Debug|Any CPU
		{7BCAC03E-3B65-4CF4-9EBB-4EF353276D1C}.Debug|Mixed Platforms.Build.0 = Debug|Any CPU
		{7BCAC03E-3B65-4CF4-9EBB-4EF353276D1C}.Debug|x64.ActiveCfg = Debug|Any CPU
		{7BCAC03E-3B65-4CF4-9EBB-4EF353276D1C}.Debug|x64.Build.0 = Debug|Any CPU
		{7BCAC03E-3B65-4CF4-9EBB-4EF353276D1C}.Debug|x86.ActiveCfg = Debug|Any CPU
		{7BCAC03E-3B65-4CF4-9EBB-4EF353276D1C}.Debug|x86.Build.0 = Debug|Any CPU
		{7BCAC03E-3B65-4CF4-9EBB-4EF353276D1C}.Release|Any CPU.ActiveCfg = Release|Any CPU
		{7BCAC03E-3B65-4CF4-9EBB-4EF353276D1C}.Release|Any CPU.Build.0 = Release|Any CPU
		{7BCAC03E-3B65-4CF4-9EBB-4EF353276D1C}.Release|ARM.ActiveCfg = Release|Any CPU
		{7BCAC03E-3B65-4CF4-9EBB-4EF353276D1C}.Release|ARM.Build.0 = Release|Any CPU
		{7BCAC03E-3B65-4CF4-9EBB-4EF353276D1C}.Release|Mixed Platforms.ActiveCfg = Release|Any CPU
		{7BCAC03E-3B65-4CF4-9EBB-4EF353276D1C}.Release|Mixed Platforms.Build.0 = Release|Any CPU
		{7BCAC03E-3B65-4CF4-9EBB-4EF353276D1C}.Release|x64.ActiveCfg = Release|Any CPU
		{7BCAC03E-3B65-4CF4-9EBB-4EF353276D1C}.Release|x64.Build.0 = Release|Any CPU
		{7BCAC03E-3B65-4CF4-9EBB-4EF353276D1C}.Release|x86.ActiveCfg = Release|Any CPU
		{7BCAC03E-3B65-4CF4-9EBB-4EF353276D1C}.Release|x86.Build.0 = Release|Any CPU
		{36A6FDFB-59D3-4618-92DD-0DEB8B6AB501}.Debug|Any CPU.ActiveCfg = Debug|Any CPU
		{36A6FDFB-59D3-4618-92DD-0DEB8B6AB501}.Debug|Any CPU.Build.0 = Debug|Any CPU
		{36A6FDFB-59D3-4618-92DD-0DEB8B6AB501}.Debug|ARM.ActiveCfg = Debug|Any CPU
		{36A6FDFB-59D3-4618-92DD-0DEB8B6AB501}.Debug|ARM.Build.0 = Debug|Any CPU
		{36A6FDFB-59D3-4618-92DD-0DEB8B6AB501}.Debug|Mixed Platforms.ActiveCfg = Debug|Any CPU
		{36A6FDFB-59D3-4618-92DD-0DEB8B6AB501}.Debug|Mixed Platforms.Build.0 = Debug|Any CPU
		{36A6FDFB-59D3-4618-92DD-0DEB8B6AB501}.Debug|x64.ActiveCfg = Debug|Any CPU
		{36A6FDFB-59D3-4618-92DD-0DEB8B6AB501}.Debug|x64.Build.0 = Debug|Any CPU
		{36A6FDFB-59D3-4618-92DD-0DEB8B6AB501}.Debug|x86.ActiveCfg = Debug|Any CPU
		{36A6FDFB-59D3-4618-92DD-0DEB8B6AB501}.Debug|x86.Build.0 = Debug|Any CPU
		{36A6FDFB-59D3-4618-92DD-0DEB8B6AB501}.Release|Any CPU.ActiveCfg = Release|Any CPU
		{36A6FDFB-59D3-4618-92DD-0DEB8B6AB501}.Release|Any CPU.Build.0 = Release|Any CPU
		{36A6FDFB-59D3-4618-92DD-0DEB8B6AB501}.Release|ARM.ActiveCfg = Release|Any CPU
		{36A6FDFB-59D3-4618-92DD-0DEB8B6AB501}.Release|ARM.Build.0 = Release|Any CPU
		{36A6FDFB-59D3-4618-92DD-0DEB8B6AB501}.Release|Mixed Platforms.ActiveCfg = Release|Any CPU
		{36A6FDFB-59D3-4618-92DD-0DEB8B6AB501}.Release|Mixed Platforms.Build.0 = Release|Any CPU
		{36A6FDFB-59D3-4618-92DD-0DEB8B6AB501}.Release|x64.ActiveCfg = Release|Any CPU
		{36A6FDFB-59D3-4618-92DD-0DEB8B6AB501}.Release|x64.Build.0 = Release|Any CPU
		{36A6FDFB-59D3-4618-92DD-0DEB8B6AB501}.Release|x86.ActiveCfg = Release|Any CPU
		{36A6FDFB-59D3-4618-92DD-0DEB8B6AB501}.Release|x86.Build.0 = Release|Any CPU
		{A513B599-9215-4A58-8BB0-09746439A487}.Debug|Any CPU.ActiveCfg = Debug|Any CPU
		{A513B599-9215-4A58-8BB0-09746439A487}.Debug|Any CPU.Build.0 = Debug|Any CPU
		{A513B599-9215-4A58-8BB0-09746439A487}.Debug|ARM.ActiveCfg = Debug|Any CPU
		{A513B599-9215-4A58-8BB0-09746439A487}.Debug|ARM.Build.0 = Debug|Any CPU
		{A513B599-9215-4A58-8BB0-09746439A487}.Debug|Mixed Platforms.ActiveCfg = Debug|Any CPU
		{A513B599-9215-4A58-8BB0-09746439A487}.Debug|Mixed Platforms.Build.0 = Debug|Any CPU
		{A513B599-9215-4A58-8BB0-09746439A487}.Debug|x64.ActiveCfg = Debug|Any CPU
		{A513B599-9215-4A58-8BB0-09746439A487}.Debug|x64.Build.0 = Debug|Any CPU
		{A513B599-9215-4A58-8BB0-09746439A487}.Debug|x86.ActiveCfg = Debug|Any CPU
		{A513B599-9215-4A58-8BB0-09746439A487}.Debug|x86.Build.0 = Debug|Any CPU
		{A513B599-9215-4A58-8BB0-09746439A487}.Release|Any CPU.ActiveCfg = Release|Any CPU
		{A513B599-9215-4A58-8BB0-09746439A487}.Release|Any CPU.Build.0 = Release|Any CPU
		{A513B599-9215-4A58-8BB0-09746439A487}.Release|ARM.ActiveCfg = Release|Any CPU
		{A513B599-9215-4A58-8BB0-09746439A487}.Release|ARM.Build.0 = Release|Any CPU
		{A513B599-9215-4A58-8BB0-09746439A487}.Release|Mixed Platforms.ActiveCfg = Release|Any CPU
		{A513B599-9215-4A58-8BB0-09746439A487}.Release|Mixed Platforms.Build.0 = Release|Any CPU
		{A513B599-9215-4A58-8BB0-09746439A487}.Release|x64.ActiveCfg = Release|Any CPU
		{A513B599-9215-4A58-8BB0-09746439A487}.Release|x64.Build.0 = Release|Any CPU
		{A513B599-9215-4A58-8BB0-09746439A487}.Release|x86.ActiveCfg = Release|Any CPU
		{A513B599-9215-4A58-8BB0-09746439A487}.Release|x86.Build.0 = Release|Any CPU
		{8AA4327B-1018-46B1-9C47-882494DD8435}.Debug|Any CPU.ActiveCfg = Debug|Any CPU
		{8AA4327B-1018-46B1-9C47-882494DD8435}.Debug|Any CPU.Build.0 = Debug|Any CPU
		{8AA4327B-1018-46B1-9C47-882494DD8435}.Debug|ARM.ActiveCfg = Debug|Any CPU
		{8AA4327B-1018-46B1-9C47-882494DD8435}.Debug|ARM.Build.0 = Debug|Any CPU
		{8AA4327B-1018-46B1-9C47-882494DD8435}.Debug|Mixed Platforms.ActiveCfg = Debug|Any CPU
		{8AA4327B-1018-46B1-9C47-882494DD8435}.Debug|Mixed Platforms.Build.0 = Debug|Any CPU
		{8AA4327B-1018-46B1-9C47-882494DD8435}.Debug|x64.ActiveCfg = Debug|Any CPU
		{8AA4327B-1018-46B1-9C47-882494DD8435}.Debug|x64.Build.0 = Debug|Any CPU
		{8AA4327B-1018-46B1-9C47-882494DD8435}.Debug|x86.ActiveCfg = Debug|Any CPU
		{8AA4327B-1018-46B1-9C47-882494DD8435}.Debug|x86.Build.0 = Debug|Any CPU
		{8AA4327B-1018-46B1-9C47-882494DD8435}.Release|Any CPU.ActiveCfg = Release|Any CPU
		{8AA4327B-1018-46B1-9C47-882494DD8435}.Release|Any CPU.Build.0 = Release|Any CPU
		{8AA4327B-1018-46B1-9C47-882494DD8435}.Release|ARM.ActiveCfg = Release|Any CPU
		{8AA4327B-1018-46B1-9C47-882494DD8435}.Release|ARM.Build.0 = Release|Any CPU
		{8AA4327B-1018-46B1-9C47-882494DD8435}.Release|Mixed Platforms.ActiveCfg = Release|Any CPU
		{8AA4327B-1018-46B1-9C47-882494DD8435}.Release|Mixed Platforms.Build.0 = Release|Any CPU
		{8AA4327B-1018-46B1-9C47-882494DD8435}.Release|x64.ActiveCfg = Release|Any CPU
		{8AA4327B-1018-46B1-9C47-882494DD8435}.Release|x64.Build.0 = Release|Any CPU
		{8AA4327B-1018-46B1-9C47-882494DD8435}.Release|x86.ActiveCfg = Release|Any CPU
		{8AA4327B-1018-46B1-9C47-882494DD8435}.Release|x86.Build.0 = Release|Any CPU
		{8F8B6425-CA65-4AFA-8D97-83B81E059770}.Debug|Any CPU.ActiveCfg = Debug|Any CPU
		{8F8B6425-CA65-4AFA-8D97-83B81E059770}.Debug|Any CPU.Build.0 = Debug|Any CPU
		{8F8B6425-CA65-4AFA-8D97-83B81E059770}.Debug|ARM.ActiveCfg = Debug|Any CPU
		{8F8B6425-CA65-4AFA-8D97-83B81E059770}.Debug|ARM.Build.0 = Debug|Any CPU
		{8F8B6425-CA65-4AFA-8D97-83B81E059770}.Debug|Mixed Platforms.ActiveCfg = Debug|Any CPU
		{8F8B6425-CA65-4AFA-8D97-83B81E059770}.Debug|Mixed Platforms.Build.0 = Debug|Any CPU
		{8F8B6425-CA65-4AFA-8D97-83B81E059770}.Debug|x64.ActiveCfg = Debug|Any CPU
		{8F8B6425-CA65-4AFA-8D97-83B81E059770}.Debug|x64.Build.0 = Debug|Any CPU
		{8F8B6425-CA65-4AFA-8D97-83B81E059770}.Debug|x86.ActiveCfg = Debug|Any CPU
		{8F8B6425-CA65-4AFA-8D97-83B81E059770}.Debug|x86.Build.0 = Debug|Any CPU
		{8F8B6425-CA65-4AFA-8D97-83B81E059770}.Release|Any CPU.ActiveCfg = Release|Any CPU
		{8F8B6425-CA65-4AFA-8D97-83B81E059770}.Release|Any CPU.Build.0 = Release|Any CPU
		{8F8B6425-CA65-4AFA-8D97-83B81E059770}.Release|ARM.ActiveCfg = Release|Any CPU
		{8F8B6425-CA65-4AFA-8D97-83B81E059770}.Release|ARM.Build.0 = Release|Any CPU
		{8F8B6425-CA65-4AFA-8D97-83B81E059770}.Release|Mixed Platforms.ActiveCfg = Release|Any CPU
		{8F8B6425-CA65-4AFA-8D97-83B81E059770}.Release|Mixed Platforms.Build.0 = Release|Any CPU
		{8F8B6425-CA65-4AFA-8D97-83B81E059770}.Release|x64.ActiveCfg = Release|Any CPU
		{8F8B6425-CA65-4AFA-8D97-83B81E059770}.Release|x64.Build.0 = Release|Any CPU
		{8F8B6425-CA65-4AFA-8D97-83B81E059770}.Release|x86.ActiveCfg = Release|Any CPU
		{8F8B6425-CA65-4AFA-8D97-83B81E059770}.Release|x86.Build.0 = Release|Any CPU
		{1E79A398-E62B-408D-A8F1-941B94012A3F}.Debug|Any CPU.ActiveCfg = Debug|Any CPU
		{1E79A398-E62B-408D-A8F1-941B94012A3F}.Debug|ARM.ActiveCfg = Debug|Any CPU
		{1E79A398-E62B-408D-A8F1-941B94012A3F}.Debug|ARM.Build.0 = Debug|Any CPU
		{1E79A398-E62B-408D-A8F1-941B94012A3F}.Debug|Mixed Platforms.ActiveCfg = Debug|Any CPU
		{1E79A398-E62B-408D-A8F1-941B94012A3F}.Debug|x64.ActiveCfg = Debug|Any CPU
		{1E79A398-E62B-408D-A8F1-941B94012A3F}.Debug|x64.Build.0 = Debug|Any CPU
		{1E79A398-E62B-408D-A8F1-941B94012A3F}.Debug|x86.ActiveCfg = Debug|Any CPU
		{1E79A398-E62B-408D-A8F1-941B94012A3F}.Debug|x86.Build.0 = Debug|Any CPU
		{1E79A398-E62B-408D-A8F1-941B94012A3F}.Release|Any CPU.ActiveCfg = Release|Any CPU
		{1E79A398-E62B-408D-A8F1-941B94012A3F}.Release|Any CPU.Build.0 = Release|Any CPU
		{1E79A398-E62B-408D-A8F1-941B94012A3F}.Release|ARM.ActiveCfg = Release|Any CPU
		{1E79A398-E62B-408D-A8F1-941B94012A3F}.Release|ARM.Build.0 = Release|Any CPU
		{1E79A398-E62B-408D-A8F1-941B94012A3F}.Release|Mixed Platforms.ActiveCfg = Release|Any CPU
		{1E79A398-E62B-408D-A8F1-941B94012A3F}.Release|Mixed Platforms.Build.0 = Release|Any CPU
		{1E79A398-E62B-408D-A8F1-941B94012A3F}.Release|x64.ActiveCfg = Release|Any CPU
		{1E79A398-E62B-408D-A8F1-941B94012A3F}.Release|x64.Build.0 = Release|Any CPU
		{1E79A398-E62B-408D-A8F1-941B94012A3F}.Release|x86.ActiveCfg = Release|Any CPU
		{1E79A398-E62B-408D-A8F1-941B94012A3F}.Release|x86.Build.0 = Release|Any CPU
		{CE9DC60A-A725-4DC0-9E55-3B77AB0E1AF0}.Debug|Any CPU.ActiveCfg = Debug|Any CPU
		{CE9DC60A-A725-4DC0-9E55-3B77AB0E1AF0}.Debug|Any CPU.Build.0 = Debug|Any CPU
		{CE9DC60A-A725-4DC0-9E55-3B77AB0E1AF0}.Debug|ARM.ActiveCfg = Debug|Any CPU
		{CE9DC60A-A725-4DC0-9E55-3B77AB0E1AF0}.Debug|ARM.Build.0 = Debug|Any CPU
		{CE9DC60A-A725-4DC0-9E55-3B77AB0E1AF0}.Debug|Mixed Platforms.ActiveCfg = Debug|Any CPU
		{CE9DC60A-A725-4DC0-9E55-3B77AB0E1AF0}.Debug|Mixed Platforms.Build.0 = Debug|Any CPU
		{CE9DC60A-A725-4DC0-9E55-3B77AB0E1AF0}.Debug|x64.ActiveCfg = Debug|Any CPU
		{CE9DC60A-A725-4DC0-9E55-3B77AB0E1AF0}.Debug|x64.Build.0 = Debug|Any CPU
		{CE9DC60A-A725-4DC0-9E55-3B77AB0E1AF0}.Debug|x86.ActiveCfg = Debug|Any CPU
		{CE9DC60A-A725-4DC0-9E55-3B77AB0E1AF0}.Debug|x86.Build.0 = Debug|Any CPU
		{CE9DC60A-A725-4DC0-9E55-3B77AB0E1AF0}.Release|Any CPU.ActiveCfg = Release|Any CPU
		{CE9DC60A-A725-4DC0-9E55-3B77AB0E1AF0}.Release|Any CPU.Build.0 = Release|Any CPU
		{CE9DC60A-A725-4DC0-9E55-3B77AB0E1AF0}.Release|ARM.ActiveCfg = Release|Any CPU
		{CE9DC60A-A725-4DC0-9E55-3B77AB0E1AF0}.Release|ARM.Build.0 = Release|Any CPU
		{CE9DC60A-A725-4DC0-9E55-3B77AB0E1AF0}.Release|Mixed Platforms.ActiveCfg = Release|Any CPU
		{CE9DC60A-A725-4DC0-9E55-3B77AB0E1AF0}.Release|Mixed Platforms.Build.0 = Release|Any CPU
		{CE9DC60A-A725-4DC0-9E55-3B77AB0E1AF0}.Release|x64.ActiveCfg = Release|Any CPU
		{CE9DC60A-A725-4DC0-9E55-3B77AB0E1AF0}.Release|x64.Build.0 = Release|Any CPU
		{CE9DC60A-A725-4DC0-9E55-3B77AB0E1AF0}.Release|x86.ActiveCfg = Release|Any CPU
		{CE9DC60A-A725-4DC0-9E55-3B77AB0E1AF0}.Release|x86.Build.0 = Release|Any CPU
		{DB288660-EB57-4DB8-B9F7-F4DB00A3F293}.Debug|Any CPU.ActiveCfg = Debug|Any CPU
		{DB288660-EB57-4DB8-B9F7-F4DB00A3F293}.Debug|Any CPU.Build.0 = Debug|Any CPU
		{DB288660-EB57-4DB8-B9F7-F4DB00A3F293}.Debug|ARM.ActiveCfg = Debug|Any CPU
		{DB288660-EB57-4DB8-B9F7-F4DB00A3F293}.Debug|ARM.Build.0 = Debug|Any CPU
		{DB288660-EB57-4DB8-B9F7-F4DB00A3F293}.Debug|Mixed Platforms.ActiveCfg = Debug|Any CPU
		{DB288660-EB57-4DB8-B9F7-F4DB00A3F293}.Debug|Mixed Platforms.Build.0 = Debug|Any CPU
		{DB288660-EB57-4DB8-B9F7-F4DB00A3F293}.Debug|x64.ActiveCfg = Debug|Any CPU
		{DB288660-EB57-4DB8-B9F7-F4DB00A3F293}.Debug|x64.Build.0 = Debug|Any CPU
		{DB288660-EB57-4DB8-B9F7-F4DB00A3F293}.Debug|x86.ActiveCfg = Debug|Any CPU
		{DB288660-EB57-4DB8-B9F7-F4DB00A3F293}.Debug|x86.Build.0 = Debug|Any CPU
		{DB288660-EB57-4DB8-B9F7-F4DB00A3F293}.Release|Any CPU.ActiveCfg = Release|Any CPU
		{DB288660-EB57-4DB8-B9F7-F4DB00A3F293}.Release|Any CPU.Build.0 = Release|Any CPU
		{DB288660-EB57-4DB8-B9F7-F4DB00A3F293}.Release|ARM.ActiveCfg = Release|Any CPU
		{DB288660-EB57-4DB8-B9F7-F4DB00A3F293}.Release|ARM.Build.0 = Release|Any CPU
		{DB288660-EB57-4DB8-B9F7-F4DB00A3F293}.Release|Mixed Platforms.ActiveCfg = Release|Any CPU
		{DB288660-EB57-4DB8-B9F7-F4DB00A3F293}.Release|Mixed Platforms.Build.0 = Release|Any CPU
		{DB288660-EB57-4DB8-B9F7-F4DB00A3F293}.Release|x64.ActiveCfg = Release|Any CPU
		{DB288660-EB57-4DB8-B9F7-F4DB00A3F293}.Release|x64.Build.0 = Release|Any CPU
		{DB288660-EB57-4DB8-B9F7-F4DB00A3F293}.Release|x86.ActiveCfg = Release|Any CPU
		{DB288660-EB57-4DB8-B9F7-F4DB00A3F293}.Release|x86.Build.0 = Release|Any CPU
		{8436968A-E89D-4470-9C90-BD4B448FD4C9}.Debug|Any CPU.ActiveCfg = Debug|Any CPU
		{8436968A-E89D-4470-9C90-BD4B448FD4C9}.Debug|Any CPU.Build.0 = Debug|Any CPU
		{8436968A-E89D-4470-9C90-BD4B448FD4C9}.Debug|ARM.ActiveCfg = Debug|Any CPU
		{8436968A-E89D-4470-9C90-BD4B448FD4C9}.Debug|ARM.Build.0 = Debug|Any CPU
		{8436968A-E89D-4470-9C90-BD4B448FD4C9}.Debug|Mixed Platforms.ActiveCfg = Debug|Any CPU
		{8436968A-E89D-4470-9C90-BD4B448FD4C9}.Debug|Mixed Platforms.Build.0 = Debug|Any CPU
		{8436968A-E89D-4470-9C90-BD4B448FD4C9}.Debug|x64.ActiveCfg = Debug|Any CPU
		{8436968A-E89D-4470-9C90-BD4B448FD4C9}.Debug|x64.Build.0 = Debug|Any CPU
		{8436968A-E89D-4470-9C90-BD4B448FD4C9}.Debug|x86.ActiveCfg = Debug|Any CPU
		{8436968A-E89D-4470-9C90-BD4B448FD4C9}.Debug|x86.Build.0 = Debug|Any CPU
		{8436968A-E89D-4470-9C90-BD4B448FD4C9}.Release|Any CPU.ActiveCfg = Release|Any CPU
		{8436968A-E89D-4470-9C90-BD4B448FD4C9}.Release|Any CPU.Build.0 = Release|Any CPU
		{8436968A-E89D-4470-9C90-BD4B448FD4C9}.Release|ARM.ActiveCfg = Release|Any CPU
		{8436968A-E89D-4470-9C90-BD4B448FD4C9}.Release|ARM.Build.0 = Release|Any CPU
		{8436968A-E89D-4470-9C90-BD4B448FD4C9}.Release|Mixed Platforms.ActiveCfg = Release|Any CPU
		{8436968A-E89D-4470-9C90-BD4B448FD4C9}.Release|Mixed Platforms.Build.0 = Release|Any CPU
		{8436968A-E89D-4470-9C90-BD4B448FD4C9}.Release|x64.ActiveCfg = Release|Any CPU
		{8436968A-E89D-4470-9C90-BD4B448FD4C9}.Release|x64.Build.0 = Release|Any CPU
		{8436968A-E89D-4470-9C90-BD4B448FD4C9}.Release|x86.ActiveCfg = Release|Any CPU
		{8436968A-E89D-4470-9C90-BD4B448FD4C9}.Release|x86.Build.0 = Release|Any CPU
		{4D540BA5-6854-4324-9D4B-75FA22C5A137}.Debug|Any CPU.ActiveCfg = Debug|Any CPU
		{4D540BA5-6854-4324-9D4B-75FA22C5A137}.Debug|Any CPU.Build.0 = Debug|Any CPU
		{4D540BA5-6854-4324-9D4B-75FA22C5A137}.Debug|ARM.ActiveCfg = Debug|Any CPU
		{4D540BA5-6854-4324-9D4B-75FA22C5A137}.Debug|ARM.Build.0 = Debug|Any CPU
		{4D540BA5-6854-4324-9D4B-75FA22C5A137}.Debug|Mixed Platforms.ActiveCfg = Debug|Any CPU
		{4D540BA5-6854-4324-9D4B-75FA22C5A137}.Debug|Mixed Platforms.Build.0 = Debug|Any CPU
		{4D540BA5-6854-4324-9D4B-75FA22C5A137}.Debug|x64.ActiveCfg = Debug|Any CPU
		{4D540BA5-6854-4324-9D4B-75FA22C5A137}.Debug|x64.Build.0 = Debug|Any CPU
		{4D540BA5-6854-4324-9D4B-75FA22C5A137}.Debug|x86.ActiveCfg = Debug|Any CPU
		{4D540BA5-6854-4324-9D4B-75FA22C5A137}.Debug|x86.Build.0 = Debug|Any CPU
		{4D540BA5-6854-4324-9D4B-75FA22C5A137}.Release|Any CPU.ActiveCfg = Release|Any CPU
		{4D540BA5-6854-4324-9D4B-75FA22C5A137}.Release|Any CPU.Build.0 = Release|Any CPU
		{4D540BA5-6854-4324-9D4B-75FA22C5A137}.Release|ARM.ActiveCfg = Release|Any CPU
		{4D540BA5-6854-4324-9D4B-75FA22C5A137}.Release|ARM.Build.0 = Release|Any CPU
		{4D540BA5-6854-4324-9D4B-75FA22C5A137}.Release|Mixed Platforms.ActiveCfg = Release|Any CPU
		{4D540BA5-6854-4324-9D4B-75FA22C5A137}.Release|Mixed Platforms.Build.0 = Release|Any CPU
		{4D540BA5-6854-4324-9D4B-75FA22C5A137}.Release|x64.ActiveCfg = Release|Any CPU
		{4D540BA5-6854-4324-9D4B-75FA22C5A137}.Release|x64.Build.0 = Release|Any CPU
		{4D540BA5-6854-4324-9D4B-75FA22C5A137}.Release|x86.ActiveCfg = Release|Any CPU
		{4D540BA5-6854-4324-9D4B-75FA22C5A137}.Release|x86.Build.0 = Release|Any CPU
		{769B2D21-1164-46F9-A5DC-B812BE3CF58D}.Debug|Any CPU.ActiveCfg = Debug|Any CPU
		{769B2D21-1164-46F9-A5DC-B812BE3CF58D}.Debug|Any CPU.Build.0 = Debug|Any CPU
		{769B2D21-1164-46F9-A5DC-B812BE3CF58D}.Debug|ARM.ActiveCfg = Debug|Any CPU
		{769B2D21-1164-46F9-A5DC-B812BE3CF58D}.Debug|ARM.Build.0 = Debug|Any CPU
		{769B2D21-1164-46F9-A5DC-B812BE3CF58D}.Debug|Mixed Platforms.ActiveCfg = Debug|Any CPU
		{769B2D21-1164-46F9-A5DC-B812BE3CF58D}.Debug|Mixed Platforms.Build.0 = Debug|Any CPU
		{769B2D21-1164-46F9-A5DC-B812BE3CF58D}.Debug|x64.ActiveCfg = Debug|Any CPU
		{769B2D21-1164-46F9-A5DC-B812BE3CF58D}.Debug|x64.Build.0 = Debug|Any CPU
		{769B2D21-1164-46F9-A5DC-B812BE3CF58D}.Debug|x86.ActiveCfg = Debug|Any CPU
		{769B2D21-1164-46F9-A5DC-B812BE3CF58D}.Debug|x86.Build.0 = Debug|Any CPU
		{769B2D21-1164-46F9-A5DC-B812BE3CF58D}.Release|Any CPU.ActiveCfg = Release|Any CPU
		{769B2D21-1164-46F9-A5DC-B812BE3CF58D}.Release|Any CPU.Build.0 = Release|Any CPU
		{769B2D21-1164-46F9-A5DC-B812BE3CF58D}.Release|ARM.ActiveCfg = Release|Any CPU
		{769B2D21-1164-46F9-A5DC-B812BE3CF58D}.Release|ARM.Build.0 = Release|Any CPU
		{769B2D21-1164-46F9-A5DC-B812BE3CF58D}.Release|Mixed Platforms.ActiveCfg = Release|Any CPU
		{769B2D21-1164-46F9-A5DC-B812BE3CF58D}.Release|Mixed Platforms.Build.0 = Release|Any CPU
		{769B2D21-1164-46F9-A5DC-B812BE3CF58D}.Release|x64.ActiveCfg = Release|Any CPU
		{769B2D21-1164-46F9-A5DC-B812BE3CF58D}.Release|x64.Build.0 = Release|Any CPU
		{769B2D21-1164-46F9-A5DC-B812BE3CF58D}.Release|x86.ActiveCfg = Release|Any CPU
		{769B2D21-1164-46F9-A5DC-B812BE3CF58D}.Release|x86.Build.0 = Release|Any CPU
		{E6B08A8C-10F0-4E48-999E-47F7236DDE5A}.Debug|Any CPU.ActiveCfg = Debug|Any CPU
		{E6B08A8C-10F0-4E48-999E-47F7236DDE5A}.Debug|Any CPU.Build.0 = Debug|Any CPU
		{E6B08A8C-10F0-4E48-999E-47F7236DDE5A}.Debug|ARM.ActiveCfg = Debug|Any CPU
		{E6B08A8C-10F0-4E48-999E-47F7236DDE5A}.Debug|ARM.Build.0 = Debug|Any CPU
		{E6B08A8C-10F0-4E48-999E-47F7236DDE5A}.Debug|Mixed Platforms.ActiveCfg = Debug|Any CPU
		{E6B08A8C-10F0-4E48-999E-47F7236DDE5A}.Debug|Mixed Platforms.Build.0 = Debug|Any CPU
		{E6B08A8C-10F0-4E48-999E-47F7236DDE5A}.Debug|x64.ActiveCfg = Debug|Any CPU
		{E6B08A8C-10F0-4E48-999E-47F7236DDE5A}.Debug|x64.Build.0 = Debug|Any CPU
		{E6B08A8C-10F0-4E48-999E-47F7236DDE5A}.Debug|x86.ActiveCfg = Debug|Any CPU
		{E6B08A8C-10F0-4E48-999E-47F7236DDE5A}.Debug|x86.Build.0 = Debug|Any CPU
		{E6B08A8C-10F0-4E48-999E-47F7236DDE5A}.Release|Any CPU.ActiveCfg = Release|Any CPU
		{E6B08A8C-10F0-4E48-999E-47F7236DDE5A}.Release|Any CPU.Build.0 = Release|Any CPU
		{E6B08A8C-10F0-4E48-999E-47F7236DDE5A}.Release|ARM.ActiveCfg = Release|Any CPU
		{E6B08A8C-10F0-4E48-999E-47F7236DDE5A}.Release|ARM.Build.0 = Release|Any CPU
		{E6B08A8C-10F0-4E48-999E-47F7236DDE5A}.Release|Mixed Platforms.ActiveCfg = Release|Any CPU
		{E6B08A8C-10F0-4E48-999E-47F7236DDE5A}.Release|Mixed Platforms.Build.0 = Release|Any CPU
		{E6B08A8C-10F0-4E48-999E-47F7236DDE5A}.Release|x64.ActiveCfg = Release|Any CPU
		{E6B08A8C-10F0-4E48-999E-47F7236DDE5A}.Release|x64.Build.0 = Release|Any CPU
		{E6B08A8C-10F0-4E48-999E-47F7236DDE5A}.Release|x86.ActiveCfg = Release|Any CPU
		{E6B08A8C-10F0-4E48-999E-47F7236DDE5A}.Release|x86.Build.0 = Release|Any CPU
		{E934803A-F972-434C-83EB-210F42CAB34B}.Debug|Any CPU.ActiveCfg = Debug|Any CPU
		{E934803A-F972-434C-83EB-210F42CAB34B}.Debug|Any CPU.Build.0 = Debug|Any CPU
		{E934803A-F972-434C-83EB-210F42CAB34B}.Debug|ARM.ActiveCfg = Debug|Any CPU
		{E934803A-F972-434C-83EB-210F42CAB34B}.Debug|ARM.Build.0 = Debug|Any CPU
		{E934803A-F972-434C-83EB-210F42CAB34B}.Debug|Mixed Platforms.ActiveCfg = Debug|Any CPU
		{E934803A-F972-434C-83EB-210F42CAB34B}.Debug|Mixed Platforms.Build.0 = Debug|Any CPU
		{E934803A-F972-434C-83EB-210F42CAB34B}.Debug|x64.ActiveCfg = Debug|Any CPU
		{E934803A-F972-434C-83EB-210F42CAB34B}.Debug|x64.Build.0 = Debug|Any CPU
		{E934803A-F972-434C-83EB-210F42CAB34B}.Debug|x86.ActiveCfg = Debug|Any CPU
		{E934803A-F972-434C-83EB-210F42CAB34B}.Debug|x86.Build.0 = Debug|Any CPU
		{E934803A-F972-434C-83EB-210F42CAB34B}.Release|Any CPU.ActiveCfg = Release|Any CPU
		{E934803A-F972-434C-83EB-210F42CAB34B}.Release|Any CPU.Build.0 = Release|Any CPU
		{E934803A-F972-434C-83EB-210F42CAB34B}.Release|ARM.ActiveCfg = Release|Any CPU
		{E934803A-F972-434C-83EB-210F42CAB34B}.Release|ARM.Build.0 = Release|Any CPU
		{E934803A-F972-434C-83EB-210F42CAB34B}.Release|Mixed Platforms.ActiveCfg = Release|Any CPU
		{E934803A-F972-434C-83EB-210F42CAB34B}.Release|Mixed Platforms.Build.0 = Release|Any CPU
		{E934803A-F972-434C-83EB-210F42CAB34B}.Release|x64.ActiveCfg = Release|Any CPU
		{E934803A-F972-434C-83EB-210F42CAB34B}.Release|x64.Build.0 = Release|Any CPU
		{E934803A-F972-434C-83EB-210F42CAB34B}.Release|x86.ActiveCfg = Release|Any CPU
		{E934803A-F972-434C-83EB-210F42CAB34B}.Release|x86.Build.0 = Release|Any CPU
		{278EB2CF-42D7-4203-9E2C-916A069D60C1}.Debug|Any CPU.ActiveCfg = Debug|Any CPU
		{278EB2CF-42D7-4203-9E2C-916A069D60C1}.Debug|Any CPU.Build.0 = Debug|Any CPU
		{278EB2CF-42D7-4203-9E2C-916A069D60C1}.Debug|ARM.ActiveCfg = Debug|Any CPU
		{278EB2CF-42D7-4203-9E2C-916A069D60C1}.Debug|ARM.Build.0 = Debug|Any CPU
		{278EB2CF-42D7-4203-9E2C-916A069D60C1}.Debug|Mixed Platforms.ActiveCfg = Debug|Any CPU
		{278EB2CF-42D7-4203-9E2C-916A069D60C1}.Debug|Mixed Platforms.Build.0 = Debug|Any CPU
		{278EB2CF-42D7-4203-9E2C-916A069D60C1}.Debug|x64.ActiveCfg = Debug|Any CPU
		{278EB2CF-42D7-4203-9E2C-916A069D60C1}.Debug|x64.Build.0 = Debug|Any CPU
		{278EB2CF-42D7-4203-9E2C-916A069D60C1}.Debug|x86.ActiveCfg = Debug|Any CPU
		{278EB2CF-42D7-4203-9E2C-916A069D60C1}.Debug|x86.Build.0 = Debug|Any CPU
		{278EB2CF-42D7-4203-9E2C-916A069D60C1}.Release|Any CPU.ActiveCfg = Release|Any CPU
		{278EB2CF-42D7-4203-9E2C-916A069D60C1}.Release|Any CPU.Build.0 = Release|Any CPU
		{278EB2CF-42D7-4203-9E2C-916A069D60C1}.Release|ARM.ActiveCfg = Release|Any CPU
		{278EB2CF-42D7-4203-9E2C-916A069D60C1}.Release|ARM.Build.0 = Release|Any CPU
		{278EB2CF-42D7-4203-9E2C-916A069D60C1}.Release|Mixed Platforms.ActiveCfg = Release|Any CPU
		{278EB2CF-42D7-4203-9E2C-916A069D60C1}.Release|Mixed Platforms.Build.0 = Release|Any CPU
		{278EB2CF-42D7-4203-9E2C-916A069D60C1}.Release|x64.ActiveCfg = Release|Any CPU
		{278EB2CF-42D7-4203-9E2C-916A069D60C1}.Release|x64.Build.0 = Release|Any CPU
		{278EB2CF-42D7-4203-9E2C-916A069D60C1}.Release|x86.ActiveCfg = Release|Any CPU
		{278EB2CF-42D7-4203-9E2C-916A069D60C1}.Release|x86.Build.0 = Release|Any CPU
		{46FA0A17-0AC4-49CB-9228-748806173861}.Debug|Any CPU.ActiveCfg = Debug|Any CPU
		{46FA0A17-0AC4-49CB-9228-748806173861}.Debug|Any CPU.Build.0 = Debug|Any CPU
		{46FA0A17-0AC4-49CB-9228-748806173861}.Debug|ARM.ActiveCfg = Debug|Any CPU
		{46FA0A17-0AC4-49CB-9228-748806173861}.Debug|ARM.Build.0 = Debug|Any CPU
		{46FA0A17-0AC4-49CB-9228-748806173861}.Debug|Mixed Platforms.ActiveCfg = Debug|Any CPU
		{46FA0A17-0AC4-49CB-9228-748806173861}.Debug|Mixed Platforms.Build.0 = Debug|Any CPU
		{46FA0A17-0AC4-49CB-9228-748806173861}.Debug|x64.ActiveCfg = Debug|Any CPU
		{46FA0A17-0AC4-49CB-9228-748806173861}.Debug|x64.Build.0 = Debug|Any CPU
		{46FA0A17-0AC4-49CB-9228-748806173861}.Debug|x86.ActiveCfg = Debug|Any CPU
		{46FA0A17-0AC4-49CB-9228-748806173861}.Debug|x86.Build.0 = Debug|Any CPU
		{46FA0A17-0AC4-49CB-9228-748806173861}.Release|Any CPU.ActiveCfg = Release|Any CPU
		{46FA0A17-0AC4-49CB-9228-748806173861}.Release|Any CPU.Build.0 = Release|Any CPU
		{46FA0A17-0AC4-49CB-9228-748806173861}.Release|ARM.ActiveCfg = Release|Any CPU
		{46FA0A17-0AC4-49CB-9228-748806173861}.Release|ARM.Build.0 = Release|Any CPU
		{46FA0A17-0AC4-49CB-9228-748806173861}.Release|Mixed Platforms.ActiveCfg = Release|Any CPU
		{46FA0A17-0AC4-49CB-9228-748806173861}.Release|Mixed Platforms.Build.0 = Release|Any CPU
		{46FA0A17-0AC4-49CB-9228-748806173861}.Release|x64.ActiveCfg = Release|Any CPU
		{46FA0A17-0AC4-49CB-9228-748806173861}.Release|x64.Build.0 = Release|Any CPU
		{46FA0A17-0AC4-49CB-9228-748806173861}.Release|x86.ActiveCfg = Release|Any CPU
		{46FA0A17-0AC4-49CB-9228-748806173861}.Release|x86.Build.0 = Release|Any CPU
		{A13A4882-B710-402C-A197-E752F02AD1EE}.Debug|Any CPU.ActiveCfg = Debug|Any CPU
		{A13A4882-B710-402C-A197-E752F02AD1EE}.Debug|Any CPU.Build.0 = Debug|Any CPU
		{A13A4882-B710-402C-A197-E752F02AD1EE}.Debug|ARM.ActiveCfg = Debug|Any CPU
		{A13A4882-B710-402C-A197-E752F02AD1EE}.Debug|ARM.Build.0 = Debug|Any CPU
		{A13A4882-B710-402C-A197-E752F02AD1EE}.Debug|Mixed Platforms.ActiveCfg = Debug|Any CPU
		{A13A4882-B710-402C-A197-E752F02AD1EE}.Debug|Mixed Platforms.Build.0 = Debug|Any CPU
		{A13A4882-B710-402C-A197-E752F02AD1EE}.Debug|x64.ActiveCfg = Debug|Any CPU
		{A13A4882-B710-402C-A197-E752F02AD1EE}.Debug|x64.Build.0 = Debug|Any CPU
		{A13A4882-B710-402C-A197-E752F02AD1EE}.Debug|x86.ActiveCfg = Debug|Any CPU
		{A13A4882-B710-402C-A197-E752F02AD1EE}.Debug|x86.Build.0 = Debug|Any CPU
		{A13A4882-B710-402C-A197-E752F02AD1EE}.Release|Any CPU.ActiveCfg = Release|Any CPU
		{A13A4882-B710-402C-A197-E752F02AD1EE}.Release|Any CPU.Build.0 = Release|Any CPU
		{A13A4882-B710-402C-A197-E752F02AD1EE}.Release|ARM.ActiveCfg = Release|Any CPU
		{A13A4882-B710-402C-A197-E752F02AD1EE}.Release|ARM.Build.0 = Release|Any CPU
		{A13A4882-B710-402C-A197-E752F02AD1EE}.Release|Mixed Platforms.ActiveCfg = Release|Any CPU
		{A13A4882-B710-402C-A197-E752F02AD1EE}.Release|Mixed Platforms.Build.0 = Release|Any CPU
		{A13A4882-B710-402C-A197-E752F02AD1EE}.Release|x64.ActiveCfg = Release|Any CPU
		{A13A4882-B710-402C-A197-E752F02AD1EE}.Release|x64.Build.0 = Release|Any CPU
		{A13A4882-B710-402C-A197-E752F02AD1EE}.Release|x86.ActiveCfg = Release|Any CPU
		{A13A4882-B710-402C-A197-E752F02AD1EE}.Release|x86.Build.0 = Release|Any CPU
		{123B9C96-8B4B-489B-83B7-FFCC5B91EF0A}.Debug|Any CPU.ActiveCfg = Debug|Any CPU
		{123B9C96-8B4B-489B-83B7-FFCC5B91EF0A}.Debug|Any CPU.Build.0 = Debug|Any CPU
		{123B9C96-8B4B-489B-83B7-FFCC5B91EF0A}.Debug|ARM.ActiveCfg = Debug|Any CPU
		{123B9C96-8B4B-489B-83B7-FFCC5B91EF0A}.Debug|ARM.Build.0 = Debug|Any CPU
		{123B9C96-8B4B-489B-83B7-FFCC5B91EF0A}.Debug|Mixed Platforms.ActiveCfg = Debug|Any CPU
		{123B9C96-8B4B-489B-83B7-FFCC5B91EF0A}.Debug|Mixed Platforms.Build.0 = Debug|Any CPU
		{123B9C96-8B4B-489B-83B7-FFCC5B91EF0A}.Debug|x64.ActiveCfg = Debug|Any CPU
		{123B9C96-8B4B-489B-83B7-FFCC5B91EF0A}.Debug|x64.Build.0 = Debug|Any CPU
		{123B9C96-8B4B-489B-83B7-FFCC5B91EF0A}.Debug|x86.ActiveCfg = Debug|Any CPU
		{123B9C96-8B4B-489B-83B7-FFCC5B91EF0A}.Debug|x86.Build.0 = Debug|Any CPU
		{123B9C96-8B4B-489B-83B7-FFCC5B91EF0A}.Release|Any CPU.ActiveCfg = Release|Any CPU
		{123B9C96-8B4B-489B-83B7-FFCC5B91EF0A}.Release|Any CPU.Build.0 = Release|Any CPU
		{123B9C96-8B4B-489B-83B7-FFCC5B91EF0A}.Release|ARM.ActiveCfg = Release|Any CPU
		{123B9C96-8B4B-489B-83B7-FFCC5B91EF0A}.Release|ARM.Build.0 = Release|Any CPU
		{123B9C96-8B4B-489B-83B7-FFCC5B91EF0A}.Release|Mixed Platforms.ActiveCfg = Release|Any CPU
		{123B9C96-8B4B-489B-83B7-FFCC5B91EF0A}.Release|Mixed Platforms.Build.0 = Release|Any CPU
		{123B9C96-8B4B-489B-83B7-FFCC5B91EF0A}.Release|x64.ActiveCfg = Release|Any CPU
		{123B9C96-8B4B-489B-83B7-FFCC5B91EF0A}.Release|x64.Build.0 = Release|Any CPU
		{123B9C96-8B4B-489B-83B7-FFCC5B91EF0A}.Release|x86.ActiveCfg = Release|Any CPU
		{123B9C96-8B4B-489B-83B7-FFCC5B91EF0A}.Release|x86.Build.0 = Release|Any CPU
		{6A6D7EFF-5FB2-4A4A-91E2-4BE6D4F08AC3}.Debug|Any CPU.ActiveCfg = Debug|Any CPU
		{6A6D7EFF-5FB2-4A4A-91E2-4BE6D4F08AC3}.Debug|Any CPU.Build.0 = Debug|Any CPU
		{6A6D7EFF-5FB2-4A4A-91E2-4BE6D4F08AC3}.Debug|ARM.ActiveCfg = Debug|Any CPU
		{6A6D7EFF-5FB2-4A4A-91E2-4BE6D4F08AC3}.Debug|ARM.Build.0 = Debug|Any CPU
		{6A6D7EFF-5FB2-4A4A-91E2-4BE6D4F08AC3}.Debug|Mixed Platforms.ActiveCfg = Debug|Any CPU
		{6A6D7EFF-5FB2-4A4A-91E2-4BE6D4F08AC3}.Debug|Mixed Platforms.Build.0 = Debug|Any CPU
		{6A6D7EFF-5FB2-4A4A-91E2-4BE6D4F08AC3}.Debug|x64.ActiveCfg = Debug|Any CPU
		{6A6D7EFF-5FB2-4A4A-91E2-4BE6D4F08AC3}.Debug|x64.Build.0 = Debug|Any CPU
		{6A6D7EFF-5FB2-4A4A-91E2-4BE6D4F08AC3}.Debug|x86.ActiveCfg = Debug|Any CPU
		{6A6D7EFF-5FB2-4A4A-91E2-4BE6D4F08AC3}.Debug|x86.Build.0 = Debug|Any CPU
		{6A6D7EFF-5FB2-4A4A-91E2-4BE6D4F08AC3}.Release|Any CPU.ActiveCfg = Release|Any CPU
		{6A6D7EFF-5FB2-4A4A-91E2-4BE6D4F08AC3}.Release|Any CPU.Build.0 = Release|Any CPU
		{6A6D7EFF-5FB2-4A4A-91E2-4BE6D4F08AC3}.Release|ARM.ActiveCfg = Release|Any CPU
		{6A6D7EFF-5FB2-4A4A-91E2-4BE6D4F08AC3}.Release|ARM.Build.0 = Release|Any CPU
		{6A6D7EFF-5FB2-4A4A-91E2-4BE6D4F08AC3}.Release|Mixed Platforms.ActiveCfg = Release|Any CPU
		{6A6D7EFF-5FB2-4A4A-91E2-4BE6D4F08AC3}.Release|Mixed Platforms.Build.0 = Release|Any CPU
		{6A6D7EFF-5FB2-4A4A-91E2-4BE6D4F08AC3}.Release|x64.ActiveCfg = Release|Any CPU
		{6A6D7EFF-5FB2-4A4A-91E2-4BE6D4F08AC3}.Release|x64.Build.0 = Release|Any CPU
		{6A6D7EFF-5FB2-4A4A-91E2-4BE6D4F08AC3}.Release|x86.ActiveCfg = Release|Any CPU
		{6A6D7EFF-5FB2-4A4A-91E2-4BE6D4F08AC3}.Release|x86.Build.0 = Release|Any CPU
	EndGlobalSection
	GlobalSection(SolutionProperties) = preSolution
		HideSolutionNode = FALSE
	EndGlobalSection
	GlobalSection(NestedProjects) = preSolution
		{7BCAC03E-3B65-4CF4-9EBB-4EF353276D1C} = {0E759CB3-3E8C-4009-9821-C3ECA2F9A07F}
		{36A6FDFB-59D3-4618-92DD-0DEB8B6AB501} = {0E759CB3-3E8C-4009-9821-C3ECA2F9A07F}
		{1E79A398-E62B-408D-A8F1-941B94012A3F} = {EADD7A56-5004-4A87-9299-AB7FB1307873}
		{CE9DC60A-A725-4DC0-9E55-3B77AB0E1AF0} = {A423D4E6-1E46-4463-B02E-16699630EABD}
		{DB288660-EB57-4DB8-B9F7-F4DB00A3F293} = {A423D4E6-1E46-4463-B02E-16699630EABD}
		{8436968A-E89D-4470-9C90-BD4B448FD4C9} = {A423D4E6-1E46-4463-B02E-16699630EABD}
		{4D540BA5-6854-4324-9D4B-75FA22C5A137} = {0E759CB3-3E8C-4009-9821-C3ECA2F9A07F}
		{769B2D21-1164-46F9-A5DC-B812BE3CF58D} = {0E759CB3-3E8C-4009-9821-C3ECA2F9A07F}
		{E6B08A8C-10F0-4E48-999E-47F7236DDE5A} = {A423D4E6-1E46-4463-B02E-16699630EABD}
		{E934803A-F972-434C-83EB-210F42CAB34B} = {A423D4E6-1E46-4463-B02E-16699630EABD}
		{278EB2CF-42D7-4203-9E2C-916A069D60C1} = {0E759CB3-3E8C-4009-9821-C3ECA2F9A07F}
		{46FA0A17-0AC4-49CB-9228-748806173861} = {A423D4E6-1E46-4463-B02E-16699630EABD}
		{A13A4882-B710-402C-A197-E752F02AD1EE} = {A423D4E6-1E46-4463-B02E-16699630EABD}
		{123B9C96-8B4B-489B-83B7-FFCC5B91EF0A} = {A423D4E6-1E46-4463-B02E-16699630EABD}
		{6A6D7EFF-5FB2-4A4A-91E2-4BE6D4F08AC3} = {0E759CB3-3E8C-4009-9821-C3ECA2F9A07F}
	EndGlobalSection
	GlobalSection(ExtensibilityGlobals) = postSolution
		SolutionGuid = {B5230750-8118-4762-8F49-ECE563D6BCC9}
	EndGlobalSection
	GlobalSection(Performance) = preSolution
		HasPerformanceSessions = true
	EndGlobalSection
	GlobalSection(SubversionScc) = preSolution
		Svn-Managed = True
		Manager = AnkhSVN - Subversion Support for Visual Studio
	EndGlobalSection
EndGlobal
